
Microsoft Visual Studio Solution File, Format Version 12.00
# Visual Studio Version 16
VisualStudioVersion = 25.0.1700.4
MinimumVisualStudioVersion = 10.0.40219.1
Project("{FAE04EC0-301F-11D3-BF4B-00C04F79EFBC}") = "MyWash.API", "MyWash.API.csproj", "{5344EE9E-409F-469E-84E5-9353D1509109}"
EndProject
Global
	GlobalSection(SolutionConfigurationPlatforms) = preSolution
		Debug|Any CPU = Debug|Any CPU
		Release|Any CPU = Release|Any CPU
	EndGlobalSection
	GlobalSection(ProjectConfigurationPlatforms) = postSolution
		{5344EE9E-409F-469E-84E5-9353D1509109}.Debug|Any CPU.ActiveCfg = Debug|Any CPU
		{5344EE9E-409F-469E-84E5-9353D1509109}.Debug|Any CPU.Build.0 = Debug|Any CPU
		{5344EE9E-409F-469E-84E5-9353D1509109}.Release|Any CPU.ActiveCfg = Release|Any CPU
		{5344EE9E-409F-469E-84E5-9353D1509109}.Release|Any CPU.Build.0 = Release|Any CPU
	EndGlobalSection
	GlobalSection(SolutionProperties) = preSolution
		HideSolutionNode = FALSE
	EndGlobalSection
	GlobalSection(ExtensibilityGlobals) = postSolution
		SolutionGuid = {CC24AEEC-D139-4359-895D-5995D402B6AB}
	EndGlobalSection
EndGlobal
