
Microsoft Visual Studio Solution File, Format Version 12.00
# Visual Studio Version 16
VisualStudioVersion = 16.0.30611.23
MinimumVisualStudioVersion = 10.0.40219.1
Project("{FAE04EC0-301F-11D3-BF4B-00C04F79EFBC}") = "my-wash", "my-wash.csproj", "{D719722C-DB26-40EC-B77A-0D98D14E4303}"
EndProject
Global
	GlobalSection(SolutionConfigurationPlatforms) = preSolution
		Debug|Any CPU = Debug|Any CPU
		Release|Any CPU = Release|Any CPU
	EndGlobalSection
	GlobalSection(ProjectConfigurationPlatforms) = postSolution
		{D719722C-DB26-40EC-B77A-0D98D14E4303}.Debug|Any CPU.ActiveCfg = Debug|Any CPU
		{D719722C-DB26-40EC-B77A-0D98D14E4303}.Debug|Any CPU.Build.0 = Debug|Any CPU
		{D719722C-DB26-40EC-B77A-0D98D14E4303}.Release|Any CPU.ActiveCfg = Release|Any CPU
		{D719722C-DB26-40EC-B77A-0D98D14E4303}.Release|Any CPU.Build.0 = Release|Any CPU
	EndGlobalSection
	GlobalSection(SolutionProperties) = preSolution
		HideSolutionNode = FALSE
	EndGlobalSection
	GlobalSection(ExtensibilityGlobals) = postSolution
		SolutionGuid = {879D295B-DF50-4705-9E1C-43A83212A686}
	EndGlobalSection
EndGlobal
